
Microsoft Visual Studio Solution File, Format Version 12.00
# Visual Studio Version 17
VisualStudioVersion = 17.8.34511.84
MinimumVisualStudioVersion = 10.0.40219.1
Project("{9A19103F-16F7-4668-BE54-9A1E7A4F7556}") = "HD.Result", "HD.Result\HD.Result.csproj", "{FBB0BD17-0D60-4D4F-8BEE-216C3298848A}"
EndProject
Global
	GlobalSection(SolutionConfigurationPlatforms) = preSolution
		Debug|Any CPU = Debug|Any CPU
		Release|Any CPU = Release|Any CPU
	EndGlobalSection
	GlobalSection(ProjectConfigurationPlatforms) = postSolution
		{FBB0BD17-0D60-4D4F-8BEE-216C3298848A}.Debug|Any CPU.ActiveCfg = Debug|Any CPU
		{FBB0BD17-0D60-4D4F-8BEE-216C3298848A}.Debug|Any CPU.Build.0 = Debug|Any CPU
		{FBB0BD17-0D60-4D4F-8BEE-216C3298848A}.Release|Any CPU.ActiveCfg = Release|Any CPU
		{FBB0BD17-0D60-4D4F-8BEE-216C3298848A}.Release|Any CPU.Build.0 = Release|Any CPU
	EndGlobalSection
	GlobalSection(SolutionProperties) = preSolution
		HideSolutionNode = FALSE
	EndGlobalSection
	GlobalSection(ExtensibilityGlobals) = postSolution
		SolutionGuid = {EA652D5D-A3B2-4558-9CBE-1D87B100AAA6}
	EndGlobalSection
EndGlobal
